{
  "version": "1.0.0",
  "lockfileVersion": 1,
  "packages": {
    "@agent-relay/choosing-swarm-patterns#codex": {
      "version": "1.1.4",
      "resolved": "https://registry.prpm.dev/api/v1/packages/%40agent-relay%2Fchoosing-swarm-patterns/1.1.4.tar.gz",
      "integrity": "sha256-b6399ad34406dbdd868a3330528256ed2454417b01c2f88cb422f98be0357d0f",
      "format": "codex",
      "subtype": "skill",
      "sourceFormat": "claude",
      "sourceSubtype": "skill",
      "installedPath": ".agents/skills/choosing-swarm-patterns/SKILL.md"
    },
    "@agent-relay/writing-agent-relay-workflows#codex": {
      "version": "1.6.18",
      "resolved": "https://registry.prpm.dev/api/v1/packages/%40agent-relay%2Fwriting-agent-relay-workflows/1.6.18.tar.gz",
      "integrity": "sha256-20c729f856d099a0f687a5b40a33afe07c2902528b7677e902578963a4fad748",
      "format": "codex",
      "subtype": "skill",
      "sourceFormat": "claude",
      "sourceSubtype": "skill",
      "installedPath": ".agents/skills/writing-agent-relay-workflows/SKILL.md"
    },
    "@agent-relay/relay-80-100-workflow#codex": {
      "version": "1.0.8",
      "resolved": "https://registry.prpm.dev/api/v1/packages/%40agent-relay%2Frelay-80-100-workflow/1.0.8.tar.gz",
      "integrity": "sha256-46a1bd749ccab61fbc0947142a8c7b2673d2a96faeb8b7eca3f50f22461d53a5",
      "format": "codex",
      "subtype": "skill",
      "sourceFormat": "claude",
      "sourceSubtype": "skill",
      "installedPath": ".agents/skills/relay-80-100-workflow/SKILL.md"
    },
    "@agent-relay/review-fix-signoff-loop#codex": {
      "version": "1.0.2",
      "resolved": "https://registry.prpm.dev/api/v1/packages/%40agent-relay%2Freview-fix-signoff-loop/1.0.2.tar.gz",
      "integrity": "sha256-dd62d56f52a5de91bc2758865cf9966ec102dff672cfa5219a8db432e723f09f",
      "format": "codex",
      "subtype": "skill",
      "sourceFormat": "claude",
      "sourceSubtype": "skill",
      "installedPath": ".agents/skills/review-fix-signoff-loop/SKILL.md",
      "fromCollection": {
        "name_slug": "agent-relay-starter",
        "version": "1.1.0"
      }
    },
    "@agent-relay/choosing-swarm-patterns#claude": {
      "version": "1.1.4",
      "resolved": "https://registry.prpm.dev/api/v1/packages/%40agent-relay%2Fchoosing-swarm-patterns/1.1.4.tar.gz",
      "integrity": "sha256-b6399ad34406dbdd868a3330528256ed2454417b01c2f88cb422f98be0357d0f",
      "format": "claude",
      "subtype": "skill",
      "sourceFormat": "claude",
      "sourceSubtype": "skill",
      "installedPath": ".claude/skills/choosing-swarm-patterns/SKILL.md"
    },
    "@agent-relay/writing-agent-relay-workflows#claude": {
      "version": "1.6.18",
      "resolved": "https://registry.prpm.dev/api/v1/packages/%40agent-relay%2Fwriting-agent-relay-workflows/1.6.18.tar.gz",
      "integrity": "sha256-20c729f856d099a0f687a5b40a33afe07c2902528b7677e902578963a4fad748",
      "format": "claude",
      "subtype": "skill",
      "sourceFormat": "claude",
      "sourceSubtype": "skill",
      "installedPath": ".claude/skills/writing-agent-relay-workflows/SKILL.md"
    },
    "@agent-relay/relay-80-100-workflow#claude": {
      "version": "1.0.8",
      "resolved": "https://registry.prpm.dev/api/v1/packages/%40agent-relay%2Frelay-80-100-workflow/1.0.8.tar.gz",
      "integrity": "sha256-46a1bd749ccab61fbc0947142a8c7b2673d2a96faeb8b7eca3f50f22461d53a5",
      "format": "claude",
      "subtype": "skill",
      "sourceFormat": "claude",
      "sourceSubtype": "skill",
      "installedPath": ".claude/skills/relay-80-100-workflow/SKILL.md"
    },
    "@agent-relay/review-fix-signoff-loop#claude": {
      "version": "1.0.2",
      "resolved": "https://registry.prpm.dev/api/v1/packages/%40agent-relay%2Freview-fix-signoff-loop/1.0.2.tar.gz",
      "integrity": "sha256-dd62d56f52a5de91bc2758865cf9966ec102dff672cfa5219a8db432e723f09f",
      "format": "claude",
      "subtype": "skill",
      "sourceFormat": "claude",
      "sourceSubtype": "skill",
      "installedPath": ".claude/skills/review-fix-signoff-loop/SKILL.md",
      "fromCollection": {
        "name_slug": "agent-relay-starter",
        "version": "1.1.0"
      }
    },
    "@agent-relay/orchestrating-agent-relay#claude": {
      "version": "2.1.2",
      "resolved": "https://registry.prpm.dev/api/v1/packages/%40agent-relay%2Forchestrating-agent-relay/2.1.2.tar.gz",
      "integrity": "sha256-d4c5b4721d58b2b7031c701c4dbcf1d102b57056d0fc11f01e2f03d7aea1daaf",
      "format": "claude",
      "subtype": "skill",
      "sourceFormat": "claude",
      "sourceSubtype": "skill",
      "installedPath": ".claude/skills/orchestrating-agent-relay/SKILL.md"
    },
    "@agent-relay/orchestrating-agent-relay#codex": {
      "version": "2.1.2",
      "resolved": "https://registry.prpm.dev/api/v1/packages/%40agent-relay%2Forchestrating-agent-relay/2.1.2.tar.gz",
      "integrity": "sha256-d4c5b4721d58b2b7031c701c4dbcf1d102b57056d0fc11f01e2f03d7aea1daaf",
      "format": "codex",
      "subtype": "skill",
      "sourceFormat": "claude",
      "sourceSubtype": "skill",
      "installedPath": ".agents/skills/orchestrating-agent-relay/SKILL.md"
    },
    "@agent-relay/creating-cloud-persona#claude": {
      "version": "1.0.9",
      "resolved": "https://registry.prpm.dev/api/v1/packages/%40agent-relay%2Fcreating-cloud-persona/1.0.9.tar.gz",
      "integrity": "sha256-da3cf6925947229c1cfff87c9e3edf6ceb9ce55630ee2a3244c7547686d47e92",
      "format": "claude",
      "subtype": "skill",
      "sourceFormat": "claude",
      "sourceSubtype": "skill",
      "installedPath": ".claude/skills/creating-cloud-persona"
    },
    "@agent-relay/creating-cloud-persona#codex": {
      "version": "1.0.9",
      "resolved": "https://registry.prpm.dev/api/v1/packages/%40agent-relay%2Fcreating-cloud-persona/1.0.9.tar.gz",
      "integrity": "sha256-da3cf6925947229c1cfff87c9e3edf6ceb9ce55630ee2a3244c7547686d47e92",
      "format": "codex",
      "subtype": "skill",
      "sourceFormat": "claude",
      "sourceSubtype": "skill",
      "installedPath": ".agents/skills/creating-cloud-persona"
    }
  },
  "generated": "2026-07-14T16:30:55.281Z",
  "collections": {
    "agent-relay-starter": {
      "name_slug": "agent-relay-starter",
      "version": "1.1.0",
      "installedAt": "2026-05-28T09:52:04.489Z",
      "packages": [
        "@agent-relay/choosing-swarm-patterns",
        "@agent-relay/writing-agent-relay-workflows",
        "@agent-workforce/trail-snippet",
        "@agent-relay/relay-80-100-workflow",
        "@agent-relay/review-fix-signoff-loop"
      ]
    }
  }
}